
Microsoft Visual Studio Solution File, Format Version 12.00
# Visual Studio 15
Project("{FAE04EC0-301F-11D3-BF4B-00C04F79EFBC}") = "Assembly-CSharp", "Assembly-CSharp.csproj", "{0CAF65DB-DE41-C9DA-EFE5-6DB4CB8E28B3}"
EndProject
Project("{FAE04EC0-301F-11D3-BF4B-00C04F79EFBC}") = "Assembly-CSharp-Editor", "Assembly-CSharp-Editor.csproj", "{C5D156AD-E6A6-DE83-08A8-EB615083B2B5}"
EndProject
Global
	GlobalSection(SolutionConfigurationPlatforms) = preSolution
		Debug|Any CPU = Debug|Any CPU
		Release|Any CPU = Release|Any CPU
	EndGlobalSection
	GlobalSection(ProjectConfigurationPlatforms) = postSolution
		{0CAF65DB-DE41-C9DA-EFE5-6DB4CB8E28B3}.Debug|Any CPU.ActiveCfg = Debug|Any CPU
		{0CAF65DB-DE41-C9DA-EFE5-6DB4CB8E28B3}.Debug|Any CPU.Build.0 = Debug|Any CPU
		{0CAF65DB-DE41-C9DA-EFE5-6DB4CB8E28B3}.Release|Any CPU.ActiveCfg = Release|Any CPU
		{0CAF65DB-DE41-C9DA-EFE5-6DB4CB8E28B3}.Release|Any CPU.Build.0 = Release|Any CPU
		{C5D156AD-E6A6-DE83-08A8-EB615083B2B5}.Debug|Any CPU.ActiveCfg = Debug|Any CPU
		{C5D156AD-E6A6-DE83-08A8-EB615083B2B5}.Debug|Any CPU.Build.0 = Debug|Any CPU
		{C5D156AD-E6A6-DE83-08A8-EB615083B2B5}.Release|Any CPU.ActiveCfg = Release|Any CPU
		{C5D156AD-E6A6-DE83-08A8-EB615083B2B5}.Release|Any CPU.Build.0 = Release|Any CPU
	EndGlobalSection
	GlobalSection(SolutionProperties) = preSolution
		HideSolutionNode = FALSE
	EndGlobalSection
EndGlobal
